
Microsoft Visual Studio Solution File, Format Version 12.00
# Visual Studio Version 17
VisualStudioVersion = 17.14.36804.6
MinimumVisualStudioVersion = 10.0.40219.1
Project("{2150E333-8FDC-42A3-9474-1A3956D46DE8}") = "Dependencies", "Dependencies", "{02EA681E-C7D8-13C7-8484-4AC65E1B71E8}"
EndProject
Project("{2150E333-8FDC-42A3-9474-1A3956D46DE8}") = "ZenthEngine", "ZenthEngine", "{A572C133-D28C-4FE9-B1A7-CDFB8F87B1CD}"
EndProject
Project("{8BC9CEB8-8B4A-11D0-8D11-00A0C91BC942}") = "ZenthCore", "src\ZenthCore\ZenthCore.vcxproj", "{5ECA3FBB-56D4-4460-A856-E7CA625C21BE}"
EndProject
Project("{8BC9CEB8-8B4A-11D0-8D11-00A0C91BC942}") = "ZenthWindow", "src\ZenthWindow\ZenthWindow.vcxproj", "{FB76B67E-2F69-4E98-BEEE-9BBB5A45460F}"
EndProject
Project("{8BC9CEB8-8B4A-11D0-8D11-00A0C91BC942}") = "EmptyGame", "src\EmptyGame\EmptyGame.vcxproj", "{0D7B0F19-1A3E-4B09-AB3B-BB41D9EBF9F8}"
EndProject
Project("{8BC9CEB8-8B4A-11D0-8D11-00A0C91BC942}") = "Imgui", "vendor\Imgui\Imgui.vcxproj", "{7189F629-9E09-40A1-9175-14D840FCCE56}"
EndProject
Global
	GlobalSection(SolutionConfigurationPlatforms) = preSolution
		Debug|x64 = Debug|x64
		Develop|x64 = Develop|x64
		Release|x64 = Release|x64
	EndGlobalSection
	GlobalSection(ProjectConfigurationPlatforms) = postSolution
		{5ECA3FBB-56D4-4460-A856-E7CA625C21BE}.Debug|x64.ActiveCfg = Debug|x64
		{5ECA3FBB-56D4-4460-A856-E7CA625C21BE}.Debug|x64.Build.0 = Debug|x64
		{5ECA3FBB-56D4-4460-A856-E7CA625C21BE}.Develop|x64.ActiveCfg = Develop|x64
		{5ECA3FBB-56D4-4460-A856-E7CA625C21BE}.Develop|x64.Build.0 = Develop|x64
		{5ECA3FBB-56D4-4460-A856-E7CA625C21BE}.Release|x64.ActiveCfg = Release|x64
		{5ECA3FBB-56D4-4460-A856-E7CA625C21BE}.Release|x64.Build.0 = Release|x64
		{FB76B67E-2F69-4E98-BEEE-9BBB5A45460F}.Debug|x64.ActiveCfg = Debug|x64
		{FB76B67E-2F69-4E98-BEEE-9BBB5A45460F}.Debug|x64.Build.0 = Debug|x64
		{FB76B67E-2F69-4E98-BEEE-9BBB5A45460F}.Develop|x64.ActiveCfg = Develop|x64
		{FB76B67E-2F69-4E98-BEEE-9BBB5A45460F}.Develop|x64.Build.0 = Develop|x64
		{FB76B67E-2F69-4E98-BEEE-9BBB5A45460F}.Release|x64.ActiveCfg = Release|x64
		{FB76B67E-2F69-4E98-BEEE-9BBB5A45460F}.Release|x64.Build.0 = Release|x64
		{0D7B0F19-1A3E-4B09-AB3B-BB41D9EBF9F8}.Debug|x64.ActiveCfg = Debug|x64
		{0D7B0F19-1A3E-4B09-AB3B-BB41D9EBF9F8}.Debug|x64.Build.0 = Debug|x64
		{0D7B0F19-1A3E-4B09-AB3B-BB41D9EBF9F8}.Develop|x64.ActiveCfg = Develop|x64
		{0D7B0F19-1A3E-4B09-AB3B-BB41D9EBF9F8}.Develop|x64.Build.0 = Develop|x64
		{0D7B0F19-1A3E-4B09-AB3B-BB41D9EBF9F8}.Release|x64.ActiveCfg = Release|x64
		{0D7B0F19-1A3E-4B09-AB3B-BB41D9EBF9F8}.Release|x64.Build.0 = Release|x64
		{7189F629-9E09-40A1-9175-14D840FCCE56}.Debug|x64.ActiveCfg = Debug|x64
		{7189F629-9E09-40A1-9175-14D840FCCE56}.Debug|x64.Build.0 = Debug|x64
		{7189F629-9E09-40A1-9175-14D840FCCE56}.Develop|x64.ActiveCfg = Develop|x64
		{7189F629-9E09-40A1-9175-14D840FCCE56}.Develop|x64.Build.0 = Develop|x64
		{7189F629-9E09-40A1-9175-14D840FCCE56}.Release|x64.ActiveCfg = Release|x64
		{7189F629-9E09-40A1-9175-14D840FCCE56}.Release|x64.Build.0 = Release|x64
	EndGlobalSection
	GlobalSection(SolutionProperties) = preSolution
		HideSolutionNode = FALSE
	EndGlobalSection
	GlobalSection(NestedProjects) = preSolution
		{5ECA3FBB-56D4-4460-A856-E7CA625C21BE} = {A572C133-D28C-4FE9-B1A7-CDFB8F87B1CD}
		{FB76B67E-2F69-4E98-BEEE-9BBB5A45460F} = {A572C133-D28C-4FE9-B1A7-CDFB8F87B1CD}
		{7189F629-9E09-40A1-9175-14D840FCCE56} = {02EA681E-C7D8-13C7-8484-4AC65E1B71E8}
	EndGlobalSection
	GlobalSection(ExtensibilityGlobals) = postSolution
		SolutionGuid = {C0A85477-D988-450D-8169-1276A45464B5}
	EndGlobalSection
EndGlobal
